
Microsoft Visual Studio Solution File, Format Version 12.00
# Visual Studio Version 17
VisualStudioVersion = 17.9.34714.143
MinimumVisualStudioVersion = 10.0.40219.1
Project("{9A19103F-16F7-4668-BE54-9A1E7A4F7556}") = "PharmacyTest", "PharmacyTest.csproj", "{0E1F0684-9945-49EA-B679-7C4021D2EAFA}"
EndProject
Project("{FAE04EC0-301F-11D3-BF4B-00C04F79EFBC}") = "testApixUnit", "..\testApixUnit\testApixUnit.csproj", "{819D9896-86AB-4245-8B83-903EF4E89CE1}"
EndProject
Global
	GlobalSection(SolutionConfigurationPlatforms) = preSolution
		Debug|Any CPU = Debug|Any CPU
		Release|Any CPU = Release|Any CPU
	EndGlobalSection
	GlobalSection(ProjectConfigurationPlatforms) = postSolution
		{0E1F0684-9945-49EA-B679-7C4021D2EAFA}.Debug|Any CPU.ActiveCfg = Debug|Any CPU
		{0E1F0684-9945-49EA-B679-7C4021D2EAFA}.Debug|Any CPU.Build.0 = Debug|Any CPU
		{0E1F0684-9945-49EA-B679-7C4021D2EAFA}.Release|Any CPU.ActiveCfg = Release|Any CPU
		{0E1F0684-9945-49EA-B679-7C4021D2EAFA}.Release|Any CPU.Build.0 = Release|Any CPU
		{819D9896-86AB-4245-8B83-903EF4E89CE1}.Debug|Any CPU.ActiveCfg = Debug|Any CPU
		{819D9896-86AB-4245-8B83-903EF4E89CE1}.Debug|Any CPU.Build.0 = Debug|Any CPU
		{819D9896-86AB-4245-8B83-903EF4E89CE1}.Release|Any CPU.ActiveCfg = Release|Any CPU
		{819D9896-86AB-4245-8B83-903EF4E89CE1}.Release|Any CPU.Build.0 = Release|Any CPU
	EndGlobalSection
	GlobalSection(SolutionProperties) = preSolution
		HideSolutionNode = FALSE
	EndGlobalSection
	GlobalSection(ExtensibilityGlobals) = postSolution
		SolutionGuid = {0C9CDB91-A5AD-4137-9A3E-370CD8C668ED}
	EndGlobalSection
EndGlobal
